
Microsoft Visual Studio Solution File, Format Version 12.00
# Visual Studio Version 17
VisualStudioVersion = 17.10.35004.147
MinimumVisualStudioVersion = 10.0.40219.1
Project("{FAE04EC0-301F-11D3-BF4B-00C04F79EFBC}") = "Gymnastiksalssystemet", "Gymnastiksalssystemet.csproj", "{E4ADE0EE-6614-4D1E-95F8-D4D2C3E56550}"
EndProject
Global
	GlobalSection(SolutionConfigurationPlatforms) = preSolution
		Debug|Any CPU = Debug|Any CPU
		Release|Any CPU = Release|Any CPU
	EndGlobalSection
	GlobalSection(ProjectConfigurationPlatforms) = postSolution
		{E4ADE0EE-6614-4D1E-95F8-D4D2C3E56550}.Debug|Any CPU.ActiveCfg = Debug|Any CPU
		{E4ADE0EE-6614-4D1E-95F8-D4D2C3E56550}.Debug|Any CPU.Build.0 = Debug|Any CPU
		{E4ADE0EE-6614-4D1E-95F8-D4D2C3E56550}.Release|Any CPU.ActiveCfg = Release|Any CPU
		{E4ADE0EE-6614-4D1E-95F8-D4D2C3E56550}.Release|Any CPU.Build.0 = Release|Any CPU
	EndGlobalSection
	GlobalSection(SolutionProperties) = preSolution
		HideSolutionNode = FALSE
	EndGlobalSection
	GlobalSection(ExtensibilityGlobals) = postSolution
		SolutionGuid = {3C46A9CD-9219-41C6-8BC0-4EA192251791}
	EndGlobalSection
EndGlobal
